{
    "name": "codeGenScripts",
    "version": "1.0.1",
    "lockfileVersion": 1,
    "requires": true,
    "dependencies": {
        "code-augmentor-support": {
            "version": "1.0.1",
            "resolved": "https://registry.npmjs.org/code-augmentor-support/-/code-augmentor-support-1.0.1.tgz",
            "integrity": "sha512-Ag+BdlI52C5o47nIQcDx5IfRrzH0pNVYqfHAr3FYsVLvdwoVyxuY45LkaU6LI22Od0zU+XptRSxnNgeKQpmt0A=="
        }
    }
}
