{
    "name": "codeGenScripts",
    "version": "1.0.0",
    "lockfileVersion": 1,
    "requires": true,
    "dependencies": {
        "code-augmentor-support": {
            "version": "1.0.0",
            "resolved": "https://registry.npmjs.org/code-augmentor-support/-/code-augmentor-support-1.0.0.tgz",
            "integrity": "sha512-HeGJ5PRRwE7vR+SlAec8fCuseI+WSs/gSLkn3T81cA1/jHxLAWXklpOI4GJAPa1+ZtrSBUyXQXjAJIEPu4dmJA=="
        }
    }
}
