{
    "name": "codeGenScripts",
    "version": "1.0.2",
    "lockfileVersion": 1,
    "requires": true,
    "dependencies": {
        "code-augmentor-support": {
            "version": "1.0.2",
            "resolved": "https://registry.npmjs.org/code-augmentor-support/-/code-augmentor-support-1.0.2.tgz",
            "integrity": "sha512-5K/qS9+ijJoYHPiGG5oKyv3RqiL4iFhYO+10SOsnDc/r63BBf0Cbo8Mf05VBlLyvzrj+Dwp6bxM4XaY5hOo0sg=="
        }
    }
}
